{
  "name": "anderson-orchard",
  "lockfileVersion": 3,
  "requires": true,
  "packages": {
    "": {
      "dependencies": {
        "@fontsource/open-sans": "^5.2.6",
        "@fontsource/roboto": "^5.2.6",
        "fontsource": "^0.0.1-security"
      }
    },
    "node_modules/@fontsource/open-sans": {
      "version": "5.2.6",
      "resolved": "https://registry.npmjs.org/@fontsource/open-sans/-/open-sans-5.2.6.tgz",
      "integrity": "sha512-mnfnUmBWQ+J220gqbibbzmKcc1kawV+lb3/Pspzu+Opnxza12oUffIg0ufG8g+3j1fnSznEWgyNV40MjtmJj6g==",
      "license": "OFL-1.1",
      "funding": {
        "url": "https://github.com/sponsors/ayuhito"
      }
    },
    "node_modules/@fontsource/roboto": {
      "version": "5.2.6",
      "resolved": "https://registry.npmjs.org/@fontsource/roboto/-/roboto-5.2.6.tgz",
      "integrity": "sha512-hzarG7yAhMoP418smNgfY4fO7UmuUEm5JUtbxCoCcFHT0hOJB+d/qAEyoNjz7YkPU5OjM2LM8rJnW8hfm0JLaA==",
      "license": "OFL-1.1",
      "funding": {
        "url": "https://github.com/sponsors/ayuhito"
      }
    },
    "node_modules/fontsource": {
      "version": "0.0.1-security",
      "resolved": "https://registry.npmjs.org/fontsource/-/fontsource-0.0.1-security.tgz",
      "integrity": "sha512-1o+kgq7OFuqhKDuZT7j3frhqpUPbLYyOB7mRSlAyvlLr7tj0ZCmyhCYZYoc+Prpl/DxiORCxIXD3M1m0kdUJSA=="
    }
  }
}
